
Microsoft Visual Studio Solution File, Format Version 12.00
Project("{2150E333-8FDC-42A3-9474-1A3956D46DE8}") = "src", "src", "{04FE4293-7CB6-4C4F-85C2-2035FD91F004}"
EndProject
Project("{2150E333-8FDC-42A3-9474-1A3956D46DE8}") = "tests", "tests", "{76078F0D-37B1-40C5-8E85-223BD4DF2A7C}"
EndProject
Project("{FAE04EC0-301F-11D3-BF4B-00C04F79EFBC}") = "Raftel.Application", "src\Raftel.Application\Raftel.Application.csproj", "{65E8B309-4396-4D5F-8CB4-653B315D3D52}"
EndProject
Project("{FAE04EC0-301F-11D3-BF4B-00C04F79EFBC}") = "Raftel.Core", "src\Raftel.Core\Raftel.Core.csproj", "{3F81B115-62AB-42E1-BBAD-B5A2E7CD644B}"
EndProject
Project("{FAE04EC0-301F-11D3-BF4B-00C04F79EFBC}") = "Raftel.Data", "src\Raftel.Data\Raftel.Data.csproj", "{E5D20D57-95A5-4B27-80F7-9180CEDA4CB4}"
EndProject
Project("{FAE04EC0-301F-11D3-BF4B-00C04F79EFBC}") = "Raftel.Infrastructure", "src\Raftel.Infrastructure\Raftel.Infrastructure.csproj", "{2D1C1CA4-C2DA-467C-8DAB-1E322A108370}"
EndProject
Project("{FAE04EC0-301F-11D3-BF4B-00C04F79EFBC}") = "Raftel.Server", "src\Raftel.Server\Raftel.Server.csproj", "{73C90713-9969-4AAF-BE68-B3740C3EAC44}"
EndProject
Project("{FAE04EC0-301F-11D3-BF4B-00C04F79EFBC}") = "Raftel.Application.Tests", "tests\Raftel.Application.Tests\Raftel.Application.Tests.csproj", "{B76A1747-C88B-4D70-B897-D94B0FBDB0F8}"
EndProject
Project("{FAE04EC0-301F-11D3-BF4B-00C04F79EFBC}") = "Raftel.Core.Tests", "tests\Raftel.Core.Tests\Raftel.Core.Tests.csproj", "{8C42628D-9F5E-4C3B-B3F2-55B0CF205D35}"
EndProject
Project("{FAE04EC0-301F-11D3-BF4B-00C04F79EFBC}") = "Raftel.Data.Tests", "tests\Raftel.Data.Tests\Raftel.Data.Tests.csproj", "{C06A9076-5E28-42E7-80FA-9F07AFDDB447}"
EndProject
Project("{FAE04EC0-301F-11D3-BF4B-00C04F79EFBC}") = "Raftel.Blazor", "src\Raftel.Blazor\Raftel.Blazor.csproj", "{2DCD1490-F168-4059-9191-77878F6D78A3}"
EndProject
Project("{FAE04EC0-301F-11D3-BF4B-00C04F79EFBC}") = "Raftel.Shared", "src\Raftel.Shared\Raftel.Shared.csproj", "{0B85BC10-3E3A-434F-B7B8-B92942122E2A}"
EndProject
Project("{FAE04EC0-301F-11D3-BF4B-00C04F79EFBC}") = "Raftel.Blazor.Shared", "src\Raftel.Blazor.Shared\Raftel.Blazor.Shared.csproj", "{9AF13721-2243-4C04-95A6-835A8D27C420}"
EndProject
Project("{FAE04EC0-301F-11D3-BF4B-00C04F79EFBC}") = "Raftel.Testing", "src\Raftel.Testing\Raftel.Testing.csproj", "{4BA3273F-FFED-4CEB-95AC-A6B7C05EFA3F}"
EndProject
Global
	GlobalSection(SolutionConfigurationPlatforms) = preSolution
		Debug|Any CPU = Debug|Any CPU
		Release|Any CPU = Release|Any CPU
	EndGlobalSection
	GlobalSection(NestedProjects) = preSolution
		{65E8B309-4396-4D5F-8CB4-653B315D3D52} = {04FE4293-7CB6-4C4F-85C2-2035FD91F004}
		{3F81B115-62AB-42E1-BBAD-B5A2E7CD644B} = {04FE4293-7CB6-4C4F-85C2-2035FD91F004}
		{E5D20D57-95A5-4B27-80F7-9180CEDA4CB4} = {04FE4293-7CB6-4C4F-85C2-2035FD91F004}
		{2D1C1CA4-C2DA-467C-8DAB-1E322A108370} = {04FE4293-7CB6-4C4F-85C2-2035FD91F004}
		{73C90713-9969-4AAF-BE68-B3740C3EAC44} = {04FE4293-7CB6-4C4F-85C2-2035FD91F004}
		{B76A1747-C88B-4D70-B897-D94B0FBDB0F8} = {76078F0D-37B1-40C5-8E85-223BD4DF2A7C}
		{8C42628D-9F5E-4C3B-B3F2-55B0CF205D35} = {76078F0D-37B1-40C5-8E85-223BD4DF2A7C}
		{C06A9076-5E28-42E7-80FA-9F07AFDDB447} = {76078F0D-37B1-40C5-8E85-223BD4DF2A7C}
		{2DCD1490-F168-4059-9191-77878F6D78A3} = {04FE4293-7CB6-4C4F-85C2-2035FD91F004}
		{0B85BC10-3E3A-434F-B7B8-B92942122E2A} = {04FE4293-7CB6-4C4F-85C2-2035FD91F004}
		{9AF13721-2243-4C04-95A6-835A8D27C420} = {04FE4293-7CB6-4C4F-85C2-2035FD91F004}
		{4BA3273F-FFED-4CEB-95AC-A6B7C05EFA3F} = {04FE4293-7CB6-4C4F-85C2-2035FD91F004}
	EndGlobalSection
	GlobalSection(ProjectConfigurationPlatforms) = postSolution
		{65E8B309-4396-4D5F-8CB4-653B315D3D52}.Debug|Any CPU.ActiveCfg = Debug|Any CPU
		{65E8B309-4396-4D5F-8CB4-653B315D3D52}.Debug|Any CPU.Build.0 = Debug|Any CPU
		{65E8B309-4396-4D5F-8CB4-653B315D3D52}.Release|Any CPU.ActiveCfg = Release|Any CPU
		{65E8B309-4396-4D5F-8CB4-653B315D3D52}.Release|Any CPU.Build.0 = Release|Any CPU
		{3F81B115-62AB-42E1-BBAD-B5A2E7CD644B}.Debug|Any CPU.ActiveCfg = Debug|Any CPU
		{3F81B115-62AB-42E1-BBAD-B5A2E7CD644B}.Debug|Any CPU.Build.0 = Debug|Any CPU
		{3F81B115-62AB-42E1-BBAD-B5A2E7CD644B}.Release|Any CPU.ActiveCfg = Release|Any CPU
		{3F81B115-62AB-42E1-BBAD-B5A2E7CD644B}.Release|Any CPU.Build.0 = Release|Any CPU
		{E5D20D57-95A5-4B27-80F7-9180CEDA4CB4}.Debug|Any CPU.ActiveCfg = Debug|Any CPU
		{E5D20D57-95A5-4B27-80F7-9180CEDA4CB4}.Debug|Any CPU.Build.0 = Debug|Any CPU
		{E5D20D57-95A5-4B27-80F7-9180CEDA4CB4}.Release|Any CPU.ActiveCfg = Release|Any CPU
		{E5D20D57-95A5-4B27-80F7-9180CEDA4CB4}.Release|Any CPU.Build.0 = Release|Any CPU
		{2D1C1CA4-C2DA-467C-8DAB-1E322A108370}.Debug|Any CPU.ActiveCfg = Debug|Any CPU
		{2D1C1CA4-C2DA-467C-8DAB-1E322A108370}.Debug|Any CPU.Build.0 = Debug|Any CPU
		{2D1C1CA4-C2DA-467C-8DAB-1E322A108370}.Release|Any CPU.ActiveCfg = Release|Any CPU
		{2D1C1CA4-C2DA-467C-8DAB-1E322A108370}.Release|Any CPU.Build.0 = Release|Any CPU
		{73C90713-9969-4AAF-BE68-B3740C3EAC44}.Debug|Any CPU.ActiveCfg = Debug|Any CPU
		{73C90713-9969-4AAF-BE68-B3740C3EAC44}.Debug|Any CPU.Build.0 = Debug|Any CPU
		{73C90713-9969-4AAF-BE68-B3740C3EAC44}.Release|Any CPU.ActiveCfg = Release|Any CPU
		{73C90713-9969-4AAF-BE68-B3740C3EAC44}.Release|Any CPU.Build.0 = Release|Any CPU
		{B76A1747-C88B-4D70-B897-D94B0FBDB0F8}.Debug|Any CPU.ActiveCfg = Debug|Any CPU
		{B76A1747-C88B-4D70-B897-D94B0FBDB0F8}.Debug|Any CPU.Build.0 = Debug|Any CPU
		{B76A1747-C88B-4D70-B897-D94B0FBDB0F8}.Release|Any CPU.ActiveCfg = Release|Any CPU
		{B76A1747-C88B-4D70-B897-D94B0FBDB0F8}.Release|Any CPU.Build.0 = Release|Any CPU
		{8C42628D-9F5E-4C3B-B3F2-55B0CF205D35}.Debug|Any CPU.ActiveCfg = Debug|Any CPU
		{8C42628D-9F5E-4C3B-B3F2-55B0CF205D35}.Debug|Any CPU.Build.0 = Debug|Any CPU
		{8C42628D-9F5E-4C3B-B3F2-55B0CF205D35}.Release|Any CPU.ActiveCfg = Release|Any CPU
		{8C42628D-9F5E-4C3B-B3F2-55B0CF205D35}.Release|Any CPU.Build.0 = Release|Any CPU
		{C06A9076-5E28-42E7-80FA-9F07AFDDB447}.Debug|Any CPU.ActiveCfg = Debug|Any CPU
		{C06A9076-5E28-42E7-80FA-9F07AFDDB447}.Debug|Any CPU.Build.0 = Debug|Any CPU
		{C06A9076-5E28-42E7-80FA-9F07AFDDB447}.Release|Any CPU.ActiveCfg = Release|Any CPU
		{C06A9076-5E28-42E7-80FA-9F07AFDDB447}.Release|Any CPU.Build.0 = Release|Any CPU
		{2DCD1490-F168-4059-9191-77878F6D78A3}.Debug|Any CPU.ActiveCfg = Debug|Any CPU
		{2DCD1490-F168-4059-9191-77878F6D78A3}.Debug|Any CPU.Build.0 = Debug|Any CPU
		{2DCD1490-F168-4059-9191-77878F6D78A3}.Release|Any CPU.ActiveCfg = Release|Any CPU
		{2DCD1490-F168-4059-9191-77878F6D78A3}.Release|Any CPU.Build.0 = Release|Any CPU
		{0B85BC10-3E3A-434F-B7B8-B92942122E2A}.Debug|Any CPU.ActiveCfg = Debug|Any CPU
		{0B85BC10-3E3A-434F-B7B8-B92942122E2A}.Debug|Any CPU.Build.0 = Debug|Any CPU
		{0B85BC10-3E3A-434F-B7B8-B92942122E2A}.Release|Any CPU.ActiveCfg = Release|Any CPU
		{0B85BC10-3E3A-434F-B7B8-B92942122E2A}.Release|Any CPU.Build.0 = Release|Any CPU
		{9AF13721-2243-4C04-95A6-835A8D27C420}.Debug|Any CPU.ActiveCfg = Debug|Any CPU
		{9AF13721-2243-4C04-95A6-835A8D27C420}.Debug|Any CPU.Build.0 = Debug|Any CPU
		{9AF13721-2243-4C04-95A6-835A8D27C420}.Release|Any CPU.ActiveCfg = Release|Any CPU
		{9AF13721-2243-4C04-95A6-835A8D27C420}.Release|Any CPU.Build.0 = Release|Any CPU
		{4BA3273F-FFED-4CEB-95AC-A6B7C05EFA3F}.Debug|Any CPU.ActiveCfg = Debug|Any CPU
		{4BA3273F-FFED-4CEB-95AC-A6B7C05EFA3F}.Debug|Any CPU.Build.0 = Debug|Any CPU
		{4BA3273F-FFED-4CEB-95AC-A6B7C05EFA3F}.Release|Any CPU.ActiveCfg = Release|Any CPU
		{4BA3273F-FFED-4CEB-95AC-A6B7C05EFA3F}.Release|Any CPU.Build.0 = Release|Any CPU
	EndGlobalSection
EndGlobal
