
Microsoft Visual Studio Solution File, Format Version 12.00
Project("{2150E333-8FDC-42A3-9474-1A3956D46DE8}") = "src", "src", "{04FE4293-7CB6-4C4F-85C2-2035FD91F004}"
EndProject
Project("{2150E333-8FDC-42A3-9474-1A3956D46DE8}") = "tests", "tests", "{76078F0D-37B1-40C5-8E85-223BD4DF2A7C}"
EndProject
Project("{FAE04EC0-301F-11D3-BF4B-00C04F79EFBC}") = "Sawnet.Application", "src\Sawnet.Application\Sawnet.Application.csproj", "{65E8B309-4396-4D5F-8CB4-653B315D3D52}"
EndProject
Project("{FAE04EC0-301F-11D3-BF4B-00C04F79EFBC}") = "Sawnet.Core", "src\Sawnet.Core\Sawnet.Core.csproj", "{3F81B115-62AB-42E1-BBAD-B5A2E7CD644B}"
EndProject
Project("{FAE04EC0-301F-11D3-BF4B-00C04F79EFBC}") = "Sawnet.Data", "src\Sawnet.Data\Sawnet.Data.csproj", "{E5D20D57-95A5-4B27-80F7-9180CEDA4CB4}"
EndProject
Project("{FAE04EC0-301F-11D3-BF4B-00C04F79EFBC}") = "Sawnet.Infrastructure", "src\Sawnet.Infrastructure\Sawnet.Infrastructure.csproj", "{2D1C1CA4-C2DA-467C-8DAB-1E322A108370}"
EndProject
Project("{FAE04EC0-301F-11D3-BF4B-00C04F79EFBC}") = "Sawnet.Server", "src\Sawnet.Server\Sawnet.Server.csproj", "{73C90713-9969-4AAF-BE68-B3740C3EAC44}"
EndProject
Project("{FAE04EC0-301F-11D3-BF4B-00C04F79EFBC}") = "Sawnet.Testing", "src\Sawnet.Testing\Sawnet.Testing.csproj", "{FD4AC5CB-EE9F-4016-AB98-508E2F0EE578}"
EndProject
Project("{FAE04EC0-301F-11D3-BF4B-00C04F79EFBC}") = "Sawnet.Application.Tests", "tests\Sawnet.Application.Tests\Sawnet.Application.Tests.csproj", "{B76A1747-C88B-4D70-B897-D94B0FBDB0F8}"
EndProject
Project("{FAE04EC0-301F-11D3-BF4B-00C04F79EFBC}") = "Sawnet.Core.Tests", "tests\Sawnet.Core.Tests\Sawnet.Core.Tests.csproj", "{8C42628D-9F5E-4C3B-B3F2-55B0CF205D35}"
EndProject
Project("{FAE04EC0-301F-11D3-BF4B-00C04F79EFBC}") = "Sawnet.Data.Tests", "tests\Sawnet.Data.Tests\Sawnet.Data.Tests.csproj", "{C06A9076-5E28-42E7-80FA-9F07AFDDB447}"
EndProject
Project("{2150E333-8FDC-42A3-9474-1A3956D46DE8}") = "cli", "cli", "{33E9FF38-3DA4-42B4-9CC2-39A2B6754688}"
EndProject
Project("{FAE04EC0-301F-11D3-BF4B-00C04F79EFBC}") = "Sawnet.Cli", "cli\Sawnet.Cli\Sawnet.Cli.csproj", "{AB74446E-C054-482D-97E4-E7C7F1E8CC56}"
EndProject
Project("{FAE04EC0-301F-11D3-BF4B-00C04F79EFBC}") = "Sawnet.Cli.CodeGen.Templates", "cli\Sawnet.Cli.CodeGen.Templates\Sawnet.Cli.CodeGen.Templates.csproj", "{8C6D424D-E81F-4E25-A203-CA62BBF0CCF4}"
EndProject
Project("{FAE04EC0-301F-11D3-BF4B-00C04F79EFBC}") = "Sawnet.Cli.CodeGen", "cli\Sawnet.Cli.CodeGen\Sawnet.Cli.CodeGen.csproj", "{DB8B1D84-D383-438A-9DC8-86A7F2B2400F}"
EndProject
Project("{FAE04EC0-301F-11D3-BF4B-00C04F79EFBC}") = "Sawnet.Cli.Shared", "cli\Sawnet.Cli.Shared\Sawnet.Cli.Shared.csproj", "{AB8B9FF0-A10D-4621-812B-2318FBA14A9F}"
EndProject
Global
	GlobalSection(SolutionConfigurationPlatforms) = preSolution
		Debug|Any CPU = Debug|Any CPU
		Release|Any CPU = Release|Any CPU
	EndGlobalSection
	GlobalSection(NestedProjects) = preSolution
		{65E8B309-4396-4D5F-8CB4-653B315D3D52} = {04FE4293-7CB6-4C4F-85C2-2035FD91F004}
		{3F81B115-62AB-42E1-BBAD-B5A2E7CD644B} = {04FE4293-7CB6-4C4F-85C2-2035FD91F004}
		{E5D20D57-95A5-4B27-80F7-9180CEDA4CB4} = {04FE4293-7CB6-4C4F-85C2-2035FD91F004}
		{2D1C1CA4-C2DA-467C-8DAB-1E322A108370} = {04FE4293-7CB6-4C4F-85C2-2035FD91F004}
		{73C90713-9969-4AAF-BE68-B3740C3EAC44} = {04FE4293-7CB6-4C4F-85C2-2035FD91F004}
		{FD4AC5CB-EE9F-4016-AB98-508E2F0EE578} = {04FE4293-7CB6-4C4F-85C2-2035FD91F004}
		{B76A1747-C88B-4D70-B897-D94B0FBDB0F8} = {76078F0D-37B1-40C5-8E85-223BD4DF2A7C}
		{8C42628D-9F5E-4C3B-B3F2-55B0CF205D35} = {76078F0D-37B1-40C5-8E85-223BD4DF2A7C}
		{C06A9076-5E28-42E7-80FA-9F07AFDDB447} = {76078F0D-37B1-40C5-8E85-223BD4DF2A7C}
		{AB74446E-C054-482D-97E4-E7C7F1E8CC56} = {33E9FF38-3DA4-42B4-9CC2-39A2B6754688}
		{8C6D424D-E81F-4E25-A203-CA62BBF0CCF4} = {33E9FF38-3DA4-42B4-9CC2-39A2B6754688}
		{DB8B1D84-D383-438A-9DC8-86A7F2B2400F} = {33E9FF38-3DA4-42B4-9CC2-39A2B6754688}
		{AB8B9FF0-A10D-4621-812B-2318FBA14A9F} = {33E9FF38-3DA4-42B4-9CC2-39A2B6754688}
	EndGlobalSection
	GlobalSection(ProjectConfigurationPlatforms) = postSolution
		{65E8B309-4396-4D5F-8CB4-653B315D3D52}.Debug|Any CPU.ActiveCfg = Debug|Any CPU
		{65E8B309-4396-4D5F-8CB4-653B315D3D52}.Debug|Any CPU.Build.0 = Debug|Any CPU
		{65E8B309-4396-4D5F-8CB4-653B315D3D52}.Release|Any CPU.ActiveCfg = Release|Any CPU
		{65E8B309-4396-4D5F-8CB4-653B315D3D52}.Release|Any CPU.Build.0 = Release|Any CPU
		{3F81B115-62AB-42E1-BBAD-B5A2E7CD644B}.Debug|Any CPU.ActiveCfg = Debug|Any CPU
		{3F81B115-62AB-42E1-BBAD-B5A2E7CD644B}.Debug|Any CPU.Build.0 = Debug|Any CPU
		{3F81B115-62AB-42E1-BBAD-B5A2E7CD644B}.Release|Any CPU.ActiveCfg = Release|Any CPU
		{3F81B115-62AB-42E1-BBAD-B5A2E7CD644B}.Release|Any CPU.Build.0 = Release|Any CPU
		{E5D20D57-95A5-4B27-80F7-9180CEDA4CB4}.Debug|Any CPU.ActiveCfg = Debug|Any CPU
		{E5D20D57-95A5-4B27-80F7-9180CEDA4CB4}.Debug|Any CPU.Build.0 = Debug|Any CPU
		{E5D20D57-95A5-4B27-80F7-9180CEDA4CB4}.Release|Any CPU.ActiveCfg = Release|Any CPU
		{E5D20D57-95A5-4B27-80F7-9180CEDA4CB4}.Release|Any CPU.Build.0 = Release|Any CPU
		{2D1C1CA4-C2DA-467C-8DAB-1E322A108370}.Debug|Any CPU.ActiveCfg = Debug|Any CPU
		{2D1C1CA4-C2DA-467C-8DAB-1E322A108370}.Debug|Any CPU.Build.0 = Debug|Any CPU
		{2D1C1CA4-C2DA-467C-8DAB-1E322A108370}.Release|Any CPU.ActiveCfg = Release|Any CPU
		{2D1C1CA4-C2DA-467C-8DAB-1E322A108370}.Release|Any CPU.Build.0 = Release|Any CPU
		{73C90713-9969-4AAF-BE68-B3740C3EAC44}.Debug|Any CPU.ActiveCfg = Debug|Any CPU
		{73C90713-9969-4AAF-BE68-B3740C3EAC44}.Debug|Any CPU.Build.0 = Debug|Any CPU
		{73C90713-9969-4AAF-BE68-B3740C3EAC44}.Release|Any CPU.ActiveCfg = Release|Any CPU
		{73C90713-9969-4AAF-BE68-B3740C3EAC44}.Release|Any CPU.Build.0 = Release|Any CPU
		{FD4AC5CB-EE9F-4016-AB98-508E2F0EE578}.Debug|Any CPU.ActiveCfg = Debug|Any CPU
		{FD4AC5CB-EE9F-4016-AB98-508E2F0EE578}.Debug|Any CPU.Build.0 = Debug|Any CPU
		{FD4AC5CB-EE9F-4016-AB98-508E2F0EE578}.Release|Any CPU.ActiveCfg = Release|Any CPU
		{FD4AC5CB-EE9F-4016-AB98-508E2F0EE578}.Release|Any CPU.Build.0 = Release|Any CPU
		{B76A1747-C88B-4D70-B897-D94B0FBDB0F8}.Debug|Any CPU.ActiveCfg = Debug|Any CPU
		{B76A1747-C88B-4D70-B897-D94B0FBDB0F8}.Debug|Any CPU.Build.0 = Debug|Any CPU
		{B76A1747-C88B-4D70-B897-D94B0FBDB0F8}.Release|Any CPU.ActiveCfg = Release|Any CPU
		{B76A1747-C88B-4D70-B897-D94B0FBDB0F8}.Release|Any CPU.Build.0 = Release|Any CPU
		{8C42628D-9F5E-4C3B-B3F2-55B0CF205D35}.Debug|Any CPU.ActiveCfg = Debug|Any CPU
		{8C42628D-9F5E-4C3B-B3F2-55B0CF205D35}.Debug|Any CPU.Build.0 = Debug|Any CPU
		{8C42628D-9F5E-4C3B-B3F2-55B0CF205D35}.Release|Any CPU.ActiveCfg = Release|Any CPU
		{8C42628D-9F5E-4C3B-B3F2-55B0CF205D35}.Release|Any CPU.Build.0 = Release|Any CPU
		{C06A9076-5E28-42E7-80FA-9F07AFDDB447}.Debug|Any CPU.ActiveCfg = Debug|Any CPU
		{C06A9076-5E28-42E7-80FA-9F07AFDDB447}.Debug|Any CPU.Build.0 = Debug|Any CPU
		{C06A9076-5E28-42E7-80FA-9F07AFDDB447}.Release|Any CPU.ActiveCfg = Release|Any CPU
		{C06A9076-5E28-42E7-80FA-9F07AFDDB447}.Release|Any CPU.Build.0 = Release|Any CPU
		{AB74446E-C054-482D-97E4-E7C7F1E8CC56}.Debug|Any CPU.ActiveCfg = Debug|Any CPU
		{AB74446E-C054-482D-97E4-E7C7F1E8CC56}.Debug|Any CPU.Build.0 = Debug|Any CPU
		{AB74446E-C054-482D-97E4-E7C7F1E8CC56}.Release|Any CPU.ActiveCfg = Release|Any CPU
		{AB74446E-C054-482D-97E4-E7C7F1E8CC56}.Release|Any CPU.Build.0 = Release|Any CPU
		{8C6D424D-E81F-4E25-A203-CA62BBF0CCF4}.Debug|Any CPU.ActiveCfg = Debug|Any CPU
		{8C6D424D-E81F-4E25-A203-CA62BBF0CCF4}.Debug|Any CPU.Build.0 = Debug|Any CPU
		{8C6D424D-E81F-4E25-A203-CA62BBF0CCF4}.Release|Any CPU.ActiveCfg = Release|Any CPU
		{8C6D424D-E81F-4E25-A203-CA62BBF0CCF4}.Release|Any CPU.Build.0 = Release|Any CPU
		{DB8B1D84-D383-438A-9DC8-86A7F2B2400F}.Debug|Any CPU.ActiveCfg = Debug|Any CPU
		{DB8B1D84-D383-438A-9DC8-86A7F2B2400F}.Debug|Any CPU.Build.0 = Debug|Any CPU
		{DB8B1D84-D383-438A-9DC8-86A7F2B2400F}.Release|Any CPU.ActiveCfg = Release|Any CPU
		{DB8B1D84-D383-438A-9DC8-86A7F2B2400F}.Release|Any CPU.Build.0 = Release|Any CPU
		{AB8B9FF0-A10D-4621-812B-2318FBA14A9F}.Debug|Any CPU.ActiveCfg = Debug|Any CPU
		{AB8B9FF0-A10D-4621-812B-2318FBA14A9F}.Debug|Any CPU.Build.0 = Debug|Any CPU
		{AB8B9FF0-A10D-4621-812B-2318FBA14A9F}.Release|Any CPU.ActiveCfg = Release|Any CPU
		{AB8B9FF0-A10D-4621-812B-2318FBA14A9F}.Release|Any CPU.Build.0 = Release|Any CPU
	EndGlobalSection
EndGlobal
